
Microsoft Visual Studio Solution File, Format Version 12.00
# Visual Studio 2013
VisualStudioVersion = 12.0.21005.1
MinimumVisualStudioVersion = 10.0.40219.1
Project("{8BC9CEB8-8B4A-11D0-8D11-00A0C91BC942}") = "Lab 08", "Lab 08\Lab 08.vcxproj", "{CBF9E81F-272A-4A39-A0C3-DC85433F64C8}"
EndProject
Global
	GlobalSection(SolutionConfigurationPlatforms) = preSolution
		Debug|Win32 = Debug|Win32
		Release|Win32 = Release|Win32
	EndGlobalSection
	GlobalSection(ProjectConfigurationPlatforms) = postSolution
		{CBF9E81F-272A-4A39-A0C3-DC85433F64C8}.Debug|Win32.ActiveCfg = Debug|Win32
		{CBF9E81F-272A-4A39-A0C3-DC85433F64C8}.Debug|Win32.Build.0 = Debug|Win32
		{CBF9E81F-272A-4A39-A0C3-DC85433F64C8}.Release|Win32.ActiveCfg = Release|Win32
		{CBF9E81F-272A-4A39-A0C3-DC85433F64C8}.Release|Win32.Build.0 = Release|Win32
	EndGlobalSection
	GlobalSection(SolutionProperties) = preSolution
		HideSolutionNode = FALSE
	EndGlobalSection
EndGlobal
